// !$*UTF8*$!
{
	archiveVersion = 1;
	classes = {
	};
	objectVersion = 55;
	objects = {

/* Begin PBXBuildFile section */
		7E3E1EA52764EE0B006DACCA /* UIApplication+Extensions.swift in Sources */ = {isa = PBXBuildFile; fileRef = 7E3E1EA42764EE0B006DACCA /* UIApplication+Extensions.swift */; };
		7E3E1EAD2764FEF8006DACCA /* Friend.swift in Sources */ = {isa = PBXBuildFile; fileRef = 7E3E1EAC2764FEF8006DACCA /* Friend.swift */; };
		7E3E1EAF2764FF09006DACCA /* Group.swift in Sources */ = {isa = PBXBuildFile; fileRef = 7E3E1EAE2764FF09006DACCA /* Group.swift */; };
		7E3E1EB12764FF1C006DACCA /* Photo.swift in Sources */ = {isa = PBXBuildFile; fileRef = 7E3E1EB02764FF1C006DACCA /* Photo.swift */; };
		7E3E1EB32764FF40006DACCA /* ContentView.swift in Sources */ = {isa = PBXBuildFile; fileRef = 7E3E1EB22764FF40006DACCA /* ContentView.swift */; };
		7E3E1EB52764FFFE006DACCA /* NewsView.swift in Sources */ = {isa = PBXBuildFile; fileRef = 7E3E1EB42764FFFE006DACCA /* NewsView.swift */; };
		7E3E1EB727650044006DACCA /* GroupsView.swift in Sources */ = {isa = PBXBuildFile; fileRef = 7E3E1EB627650044006DACCA /* GroupsView.swift */; };
		7E3E1EB92765008C006DACCA /* FriendsView.swift in Sources */ = {isa = PBXBuildFile; fileRef = 7E3E1EB82765008C006DACCA /* FriendsView.swift */; };
		7E3E1EBB276501DC006DACCA /* LoginService.swift in Sources */ = {isa = PBXBuildFile; fileRef = 7E3E1EBA276501DC006DACCA /* LoginService.swift */; };
		7E3E1EBD276503A6006DACCA /* FriendPhotosView.swift in Sources */ = {isa = PBXBuildFile; fileRef = 7E3E1EBC276503A6006DACCA /* FriendPhotosView.swift */; };
		7E3E1EBF276503B9006DACCA /* FriendPhotoCellView.swift in Sources */ = {isa = PBXBuildFile; fileRef = 7E3E1EBE276503B9006DACCA /* FriendPhotoCellView.swift */; };
		7E3E1EC2276504A8006DACCA /* ASCollectionView in Frameworks */ = {isa = PBXBuildFile; productRef = 7E3E1EC1276504A8006DACCA /* ASCollectionView */; };
		7ECF6CE7275E796F009CB260 /* Vk_Swift_UIApp.swift in Sources */ = {isa = PBXBuildFile; fileRef = 7ECF6CE6275E796F009CB260 /* Vk_Swift_UIApp.swift */; };
		7ECF6CE9275E796F009CB260 /* LoginView.swift in Sources */ = {isa = PBXBuildFile; fileRef = 7ECF6CE8275E796F009CB260 /* LoginView.swift */; };
		7ECF6CEB275E7971009CB260 /* Assets.xcassets in Resources */ = {isa = PBXBuildFile; fileRef = 7ECF6CEA275E7971009CB260 /* Assets.xcassets */; };
		7ECF6CEE275E7971009CB260 /* Preview Assets.xcassets in Resources */ = {isa = PBXBuildFile; fileRef = 7ECF6CED275E7971009CB260 /* Preview Assets.xcassets */; };
		7ECF6D00276050A1009CB260 /* GroupViewCell.swift in Sources */ = {isa = PBXBuildFile; fileRef = 7ECF6CFF276050A1009CB260 /* GroupViewCell.swift */; };
		7ECF6D02276050B2009CB260 /* FriendViewCell.swift in Sources */ = {isa = PBXBuildFile; fileRef = 7ECF6D01276050B2009CB260 /* FriendViewCell.swift */; };
		7ECF6D04276050C4009CB260 /* CircleShadowViewModifier.swift in Sources */ = {isa = PBXBuildFile; fileRef = 7ECF6D03276050C4009CB260 /* CircleShadowViewModifier.swift */; };
		7ECF6D06276050DF009CB260 /* AvatarImageViewBuilder.swift in Sources */ = {isa = PBXBuildFile; fileRef = 7ECF6D05276050DF009CB260 /* AvatarImageViewBuilder.swift */; };
/* End PBXBuildFile section */

/* Begin PBXFileReference section */
		7E3E1EA42764EE0B006DACCA /* UIApplication+Extensions.swift */ = {isa = PBXFileReference; lastKnownFileType = sourcecode.swift; path = "UIApplication+Extensions.swift"; sourceTree = "<group>"; };
		7E3E1EAC2764FEF8006DACCA /* Friend.swift */ = {isa = PBXFileReference; lastKnownFileType = sourcecode.swift; path = Friend.swift; sourceTree = "<group>"; };
		7E3E1EAE2764FF09006DACCA /* Group.swift */ = {isa = PBXFileReference; lastKnownFileType = sourcecode.swift; path = Group.swift; sourceTree = "<group>"; };
		7E3E1EB02764FF1C006DACCA /* Photo.swift */ = {isa = PBXFileReference; lastKnownFileType = sourcecode.swift; path = Photo.swift; sourceTree = "<group>"; };
		7E3E1EB22764FF40006DACCA /* ContentView.swift */ = {isa = PBXFileReference; lastKnownFileType = sourcecode.swift; path = ContentView.swift; sourceTree = "<group>"; };
		7E3E1EB42764FFFE006DACCA /* NewsView.swift */ = {isa = PBXFileReference; lastKnownFileType = sourcecode.swift; path = NewsView.swift; sourceTree = "<group>"; };
		7E3E1EB627650044006DACCA /* GroupsView.swift */ = {isa = PBXFileReference; lastKnownFileType = sourcecode.swift; path = GroupsView.swift; sourceTree = "<group>"; };
		7E3E1EB82765008C006DACCA /* FriendsView.swift */ = {isa = PBXFileReference; lastKnownFileType = sourcecode.swift; path = FriendsView.swift; sourceTree = "<group>"; };
		7E3E1EBA276501DC006DACCA /* LoginService.swift */ = {isa = PBXFileReference; lastKnownFileType = sourcecode.swift; path = LoginService.swift; sourceTree = "<group>"; };
		7E3E1EBC276503A6006DACCA /* FriendPhotosView.swift */ = {isa = PBXFileReference; lastKnownFileType = sourcecode.swift; path = FriendPhotosView.swift; sourceTree = "<group>"; };
		7E3E1EBE276503B9006DACCA /* FriendPhotoCellView.swift */ = {isa = PBXFileReference; lastKnownFileType = sourcecode.swift; path = FriendPhotoCellView.swift; sourceTree = "<group>"; };
		7ECF6CE3275E796F009CB260 /* Vk_Swift_UI.app */ = {isa = PBXFileReference; explicitFileType = wrapper.application; includeInIndex = 0; path = Vk_Swift_UI.app; sourceTree = BUILT_PRODUCTS_DIR; };
		7ECF6CE6275E796F009CB260 /* Vk_Swift_UIApp.swift */ = {isa = PBXFileReference; lastKnownFileType = sourcecode.swift; path = Vk_Swift_UIApp.swift; sourceTree = "<group>"; };
		7ECF6CE8275E796F009CB260 /* LoginView.swift */ = {isa = PBXFileReference; lastKnownFileType = sourcecode.swift; path = LoginView.swift; sourceTree = "<group>"; };
		7ECF6CEA275E7971009CB260 /* Assets.xcassets */ = {isa = PBXFileReference; lastKnownFileType = folder.assetcatalog; path = Assets.xcassets; sourceTree = "<group>"; };
		7ECF6CED275E7971009CB260 /* Preview Assets.xcassets */ = {isa = PBXFileReference; lastKnownFileType = folder.assetcatalog; path = "Preview Assets.xcassets"; sourceTree = "<group>"; };
		7ECF6CFF276050A1009CB260 /* GroupViewCell.swift */ = {isa = PBXFileReference; lastKnownFileType = sourcecode.swift; path = GroupViewCell.swift; sourceTree = "<group>"; };
		7ECF6D01276050B2009CB260 /* FriendViewCell.swift */ = {isa = PBXFileReference; lastKnownFileType = sourcecode.swift; path = FriendViewCell.swift; sourceTree = "<group>"; };
		7ECF6D03276050C4009CB260 /* CircleShadowViewModifier.swift */ = {isa = PBXFileReference; lastKnownFileType = sourcecode.swift; path = CircleShadowViewModifier.swift; sourceTree = "<group>"; };
		7ECF6D05276050DF009CB260 /* AvatarImageViewBuilder.swift */ = {isa = PBXFileReference; lastKnownFileType = sourcecode.swift; path = AvatarImageViewBuilder.swift; sourceTree = "<group>"; };
/* End PBXFileReference section */

/* Begin PBXFrameworksBuildPhase section */
		7ECF6CE0275E796F009CB260 /* Frameworks */ = {
			isa = PBXFrameworksBuildPhase;
			buildActionMask = 2147483647;
			files = (
				7E3E1EC2276504A8006DACCA /* ASCollectionView in Frameworks */,
			);
			runOnlyForDeploymentPostprocessing = 0;
		};
/* End PBXFrameworksBuildPhase section */

/* Begin PBXGroup section */
		7E3E1EA62764EE15006DACCA /* Extensions */ = {
			isa = PBXGroup;
			children = (
				7E3E1EA42764EE0B006DACCA /* UIApplication+Extensions.swift */,
			);
			path = Extensions;
			sourceTree = "<group>";
		};
		7E3E1EA72764EE9C006DACCA /* Flows */ = {
			isa = PBXGroup;
			children = (
				7E3E1EAB2764EF65006DACCA /* Models */,
				7E3E1EA82764EEB5006DACCA /* Login */,
			);
			path = Flows;
			sourceTree = "<group>";
		};
		7E3E1EA82764EEB5006DACCA /* Login */ = {
			isa = PBXGroup;
			children = (
				7ECF6CE8275E796F009CB260 /* LoginView.swift */,
				7E3E1EBA276501DC006DACCA /* LoginService.swift */,
			);
			path = Login;
			sourceTree = "<group>";
		};
		7E3E1EA92764EF0E006DACCA /* ViewBuilder */ = {
			isa = PBXGroup;
			children = (
				7ECF6D05276050DF009CB260 /* AvatarImageViewBuilder.swift */,
			);
			path = ViewBuilder;
			sourceTree = "<group>";
		};
		7E3E1EAA2764EF26006DACCA /* ViewModifier */ = {
			isa = PBXGroup;
			children = (
				7ECF6D03276050C4009CB260 /* CircleShadowViewModifier.swift */,
			);
			path = ViewModifier;
			sourceTree = "<group>";
		};
		7E3E1EAB2764EF65006DACCA /* Models */ = {
			isa = PBXGroup;
			children = (
				7E3E1EAC2764FEF8006DACCA /* Friend.swift */,
				7E3E1EAE2764FF09006DACCA /* Group.swift */,
				7E3E1EB02764FF1C006DACCA /* Photo.swift */,
			);
			path = Models;
			sourceTree = "<group>";
		};
		7E3E1EC527651549006DACCA /* Group */ = {
			isa = PBXGroup;
			children = (
				7E3E1EB627650044006DACCA /* GroupsView.swift */,
				7ECF6CFF276050A1009CB260 /* GroupViewCell.swift */,
			);
			path = Group;
			sourceTree = "<group>";
		};
		7E3E1EC62765155E006DACCA /* Friend */ = {
			isa = PBXGroup;
			children = (
				7E3E1EB82765008C006DACCA /* FriendsView.swift */,
				7E3E1EBC276503A6006DACCA /* FriendPhotosView.swift */,
				7E3E1EBE276503B9006DACCA /* FriendPhotoCellView.swift */,
				7ECF6D01276050B2009CB260 /* FriendViewCell.swift */,
			);
			path = Friend;
			sourceTree = "<group>";
		};
		7E3E1EC727651577006DACCA /* News */ = {
			isa = PBXGroup;
			children = (
				7E3E1EB42764FFFE006DACCA /* NewsView.swift */,
			);
			path = News;
			sourceTree = "<group>";
		};
		7ECF6CDA275E796F009CB260 = {
			isa = PBXGroup;
			children = (
				7ECF6CE5275E796F009CB260 /* Vk_Swift_UI */,
				7ECF6CE4275E796F009CB260 /* Products */,
			);
			sourceTree = "<group>";
		};
		7ECF6CE4275E796F009CB260 /* Products */ = {
			isa = PBXGroup;
			children = (
				7ECF6CE3275E796F009CB260 /* Vk_Swift_UI.app */,
			);
			name = Products;
			sourceTree = "<group>";
		};
		7ECF6CE5275E796F009CB260 /* Vk_Swift_UI */ = {
			isa = PBXGroup;
			children = (
				7E3E1EB22764FF40006DACCA /* ContentView.swift */,
				7ECF6CE6275E796F009CB260 /* Vk_Swift_UIApp.swift */,
				7E3E1EA92764EF0E006DACCA /* ViewBuilder */,
				7E3E1EAA2764EF26006DACCA /* ViewModifier */,
				7E3E1EA72764EE9C006DACCA /* Flows */,
				7E3E1EA62764EE15006DACCA /* Extensions */,
				7E3E1EC527651549006DACCA /* Group */,
				7E3E1EC62765155E006DACCA /* Friend */,
				7E3E1EC727651577006DACCA /* News */,
				7ECF6CEA275E7971009CB260 /* Assets.xcassets */,
				7ECF6CEC275E7971009CB260 /* Preview Content */,
			);
			path = Vk_Swift_UI;
			sourceTree = "<group>";
		};
		7ECF6CEC275E7971009CB260 /* Preview Content */ = {
			isa = PBXGroup;
			children = (
				7ECF6CED275E7971009CB260 /* Preview Assets.xcassets */,
			);
			path = "Preview Content";
			sourceTree = "<group>";
		};
/* End PBXGroup section */

/* Begin PBXNativeTarget section */
		7ECF6CE2275E796F009CB260 /* Vk_Swift_UI */ = {
			isa = PBXNativeTarget;
			buildConfigurationList = 7ECF6CF1275E7971009CB260 /* Build configuration list for PBXNativeTarget "Vk_Swift_UI" */;
			buildPhases = (
				7ECF6CDF275E796F009CB260 /* Sources */,
				7ECF6CE0275E796F009CB260 /* Frameworks */,
				7ECF6CE1275E796F009CB260 /* Resources */,
			);
			buildRules = (
			);
			dependencies = (
			);
			name = Vk_Swift_UI;
			packageProductDependencies = (
				7E3E1EC1276504A8006DACCA /* ASCollectionView */,
			);
			productName = Vk_Swift_UI;
			productReference = 7ECF6CE3275E796F009CB260 /* Vk_Swift_UI.app */;
			productType = "com.apple.product-type.application";
		};
/* End PBXNativeTarget section */

/* Begin PBXProject section */
		7ECF6CDB275E796F009CB260 /* Project object */ = {
			isa = PBXProject;
			attributes = {
				BuildIndependentTargetsInParallel = 1;
				LastSwiftUpdateCheck = 1310;
				LastUpgradeCheck = 1310;
				TargetAttributes = {
					7ECF6CE2275E796F009CB260 = {
						CreatedOnToolsVersion = 13.1;
					};
				};
			};
			buildConfigurationList = 7ECF6CDE275E796F009CB260 /* Build configuration list for PBXProject "Vk_Swift_UI" */;
			compatibilityVersion = "Xcode 13.0";
			developmentRegion = en;
			hasScannedForEncodings = 0;
			knownRegions = (
				en,
				Base,
			);
			mainGroup = 7ECF6CDA275E796F009CB260;
			packageReferences = (
				7E3E1EC0276504A8006DACCA /* XCRemoteSwiftPackageReference "ASCollectionView" */,
			);
			productRefGroup = 7ECF6CE4275E796F009CB260 /* Products */;
			projectDirPath = "";
			projectRoot = "";
			targets = (
				7ECF6CE2275E796F009CB260 /* Vk_Swift_UI */,
			);
		};
/* End PBXProject section */

/* Begin PBXResourcesBuildPhase section */
		7ECF6CE1275E796F009CB260 /* Resources */ = {
			isa = PBXResourcesBuildPhase;
			buildActionMask = 2147483647;
			files = (
				7ECF6CEE275E7971009CB260 /* Preview Assets.xcassets in Resources */,
				7ECF6CEB275E7971009CB260 /* Assets.xcassets in Resources */,
			);
			runOnlyForDeploymentPostprocessing = 0;
		};
/* End PBXResourcesBuildPhase section */

/* Begin PBXSourcesBuildPhase section */
		7ECF6CDF275E796F009CB260 /* Sources */ = {
			isa = PBXSourcesBuildPhase;
			buildActionMask = 2147483647;
			files = (
				7E3E1EB92765008C006DACCA /* FriendsView.swift in Sources */,
				7E3E1EBD276503A6006DACCA /* FriendPhotosView.swift in Sources */,
				7E3E1EAF2764FF09006DACCA /* Group.swift in Sources */,
				7E3E1EBF276503B9006DACCA /* FriendPhotoCellView.swift in Sources */,
				7E3E1EB727650044006DACCA /* GroupsView.swift in Sources */,
				7E3E1EB32764FF40006DACCA /* ContentView.swift in Sources */,
				7E3E1EA52764EE0B006DACCA /* UIApplication+Extensions.swift in Sources */,
				7ECF6CE9275E796F009CB260 /* LoginView.swift in Sources */,
				7ECF6D04276050C4009CB260 /* CircleShadowViewModifier.swift in Sources */,
				7E3E1EBB276501DC006DACCA /* LoginService.swift in Sources */,
				7E3E1EB12764FF1C006DACCA /* Photo.swift in Sources */,
				7ECF6CE7275E796F009CB260 /* Vk_Swift_UIApp.swift in Sources */,
				7ECF6D06276050DF009CB260 /* AvatarImageViewBuilder.swift in Sources */,
				7ECF6D02276050B2009CB260 /* FriendViewCell.swift in Sources */,
				7E3E1EB52764FFFE006DACCA /* NewsView.swift in Sources */,
				7ECF6D00276050A1009CB260 /* GroupViewCell.swift in Sources */,
				7E3E1EAD2764FEF8006DACCA /* Friend.swift in Sources */,
			);
			runOnlyForDeploymentPostprocessing = 0;
		};
/* End PBXSourcesBuildPhase section */

/* Begin XCBuildConfiguration section */
		7ECF6CEF275E7971009CB260 /* Debug */ = {
			isa = XCBuildConfiguration;
			buildSettings = {
				ALWAYS_SEARCH_USER_PATHS = NO;
				CLANG_ANALYZER_NONNULL = YES;
				CLANG_ANALYZER_NUMBER_OBJECT_CONVERSION = YES_AGGRESSIVE;
				CLANG_CXX_LANGUAGE_STANDARD = "gnu++17";
				CLANG_CXX_LIBRARY = "libc++";
				CLANG_ENABLE_MODULES = YES;
				CLANG_ENABLE_OBJC_ARC = YES;
				CLANG_ENABLE_OBJC_WEAK = YES;
				CLANG_WARN_BLOCK_CAPTURE_AUTORELEASING = YES;
				CLANG_WARN_BOOL_CONVERSION = YES;
				CLANG_WARN_COMMA = YES;
				CLANG_WARN_CONSTANT_CONVERSION = YES;
				CLANG_WARN_DEPRECATED_OBJC_IMPLEMENTATIONS = YES;
				CLANG_WARN_DIRECT_OBJC_ISA_USAGE = YES_ERROR;
				CLANG_WARN_DOCUMENTATION_COMMENTS = YES;
				CLANG_WARN_EMPTY_BODY = YES;
				CLANG_WARN_ENUM_CONVERSION = YES;
				CLANG_WARN_INFINITE_RECURSION = YES;
				CLANG_WARN_INT_CONVERSION = YES;
				CLANG_WARN_NON_LITERAL_NULL_CONVERSION = YES;
				CLANG_WARN_OBJC_IMPLICIT_RETAIN_SELF = YES;
				CLANG_WARN_OBJC_LITERAL_CONVERSION = YES;
				CLANG_WARN_OBJC_ROOT_CLASS = YES_ERROR;
				CLANG_WARN_QUOTED_INCLUDE_IN_FRAMEWORK_HEADER = YES;
				CLANG_WARN_RANGE_LOOP_ANALYSIS = YES;
				CLANG_WARN_STRICT_PROTOTYPES = YES;
				CLANG_WARN_SUSPICIOUS_MOVE = YES;
				CLANG_WARN_UNGUARDED_AVAILABILITY = YES_AGGRESSIVE;
				CLANG_WARN_UNREACHABLE_CODE = YES;
				CLANG_WARN__DUPLICATE_METHOD_MATCH = YES;
				COPY_PHASE_STRIP = NO;
				DEBUG_INFORMATION_FORMAT = dwarf;
				ENABLE_STRICT_OBJC_MSGSEND = YES;
				ENABLE_TESTABILITY = YES;
				GCC_C_LANGUAGE_STANDARD = gnu11;
				GCC_DYNAMIC_NO_PIC = NO;
				GCC_NO_COMMON_BLOCKS = YES;
				GCC_OPTIMIZATION_LEVEL = 0;
				GCC_PREPROCESSOR_DEFINITIONS = (
					"DEBUG=1",
					"$(inherited)",
				);
				GCC_WARN_64_TO_32_BIT_CONVERSION = YES;
				GCC_WARN_ABOUT_RETURN_TYPE = YES_ERROR;
				GCC_WARN_UNDECLARED_SELECTOR = YES;
				GCC_WARN_UNINITIALIZED_AUTOS = YES_AGGRESSIVE;
				GCC_WARN_UNUSED_FUNCTION = YES;
				GCC_WARN_UNUSED_VARIABLE = YES;
				IPHONEOS_DEPLOYMENT_TARGET = 15.0;
				MTL_ENABLE_DEBUG_INFO = INCLUDE_SOURCE;
				MTL_FAST_MATH = YES;
				ONLY_ACTIVE_ARCH = YES;
				SDKROOT = iphoneos;
				SWIFT_ACTIVE_COMPILATION_CONDITIONS = DEBUG;
				SWIFT_OPTIMIZATION_LEVEL = "-Onone";
			};
			name = Debug;
		};
		7ECF6CF0275E7971009CB260 /* Release */ = {
			isa = XCBuildConfiguration;
			buildSettings = {
				ALWAYS_SEARCH_USER_PATHS = NO;
				CLANG_ANALYZER_NONNULL = YES;
				CLANG_ANALYZER_NUMBER_OBJECT_CONVERSION = YES_AGGRESSIVE;
				CLANG_CXX_LANGUAGE_STANDARD = "gnu++17";
				CLANG_CXX_LIBRARY = "libc++";
				CLANG_ENABLE_MODULES = YES;
				CLANG_ENABLE_OBJC_ARC = YES;
				CLANG_ENABLE_OBJC_WEAK = YES;
				CLANG_WARN_BLOCK_CAPTURE_AUTORELEASING = YES;
				CLANG_WARN_BOOL_CONVERSION = YES;
				CLANG_WARN_COMMA = YES;
				CLANG_WARN_CONSTANT_CONVERSION = YES;
				CLANG_WARN_DEPRECATED_OBJC_IMPLEMENTATIONS = YES;
				CLANG_WARN_DIRECT_OBJC_ISA_USAGE = YES_ERROR;
				CLANG_WARN_DOCUMENTATION_COMMENTS = YES;
				CLANG_WARN_EMPTY_BODY = YES;
				CLANG_WARN_ENUM_CONVERSION = YES;
				CLANG_WARN_INFINITE_RECURSION = YES;
				CLANG_WARN_INT_CONVERSION = YES;
				CLANG_WARN_NON_LITERAL_NULL_CONVERSION = YES;
				CLANG_WARN_OBJC_IMPLICIT_RETAIN_SELF = YES;
				CLANG_WARN_OBJC_LITERAL_CONVERSION = YES;
				CLANG_WARN_OBJC_ROOT_CLASS = YES_ERROR;
				CLANG_WARN_QUOTED_INCLUDE_IN_FRAMEWORK_HEADER = YES;
				CLANG_WARN_RANGE_LOOP_ANALYSIS = YES;
				CLANG_WARN_STRICT_PROTOTYPES = YES;
				CLANG_WARN_SUSPICIOUS_MOVE = YES;
				CLANG_WARN_UNGUARDED_AVAILABILITY = YES_AGGRESSIVE;
				CLANG_WARN_UNREACHABLE_CODE = YES;
				CLANG_WARN__DUPLICATE_METHOD_MATCH = YES;
				COPY_PHASE_STRIP = NO;
				DEBUG_INFORMATION_FORMAT = "dwarf-with-dsym";
				ENABLE_NS_ASSERTIONS = NO;
				ENABLE_STRICT_OBJC_MSGSEND = YES;
				GCC_C_LANGUAGE_STANDARD = gnu11;
				GCC_NO_COMMON_BLOCKS = YES;
				GCC_WARN_64_TO_32_BIT_CONVERSION = YES;
				GCC_WARN_ABOUT_RETURN_TYPE = YES_ERROR;
				GCC_WARN_UNDECLARED_SELECTOR = YES;
				GCC_WARN_UNINITIALIZED_AUTOS = YES_AGGRESSIVE;
				GCC_WARN_UNUSED_FUNCTION = YES;
				GCC_WARN_UNUSED_VARIABLE = YES;
				IPHONEOS_DEPLOYMENT_TARGET = 15.0;
				MTL_ENABLE_DEBUG_INFO = NO;
				MTL_FAST_MATH = YES;
				SDKROOT = iphoneos;
				SWIFT_COMPILATION_MODE = wholemodule;
				SWIFT_OPTIMIZATION_LEVEL = "-O";
				VALIDATE_PRODUCT = YES;
			};
			name = Release;
		};
		7ECF6CF2275E7971009CB260 /* Debug */ = {
			isa = XCBuildConfiguration;
			buildSettings = {
				ASSETCATALOG_COMPILER_APPICON_NAME = AppIcon;
				ASSETCATALOG_COMPILER_GLOBAL_ACCENT_COLOR_NAME = AccentColor;
				CODE_SIGN_STYLE = Automatic;
				CURRENT_PROJECT_VERSION = 1;
				DEVELOPMENT_ASSET_PATHS = "\"Vk_Swift_UI/Preview Content\"";
				ENABLE_PREVIEWS = YES;
				GENERATE_INFOPLIST_FILE = YES;
				INFOPLIST_KEY_UIApplicationSceneManifest_Generation = YES;
				INFOPLIST_KEY_UIApplicationSupportsIndirectInputEvents = YES;
				INFOPLIST_KEY_UILaunchScreen_Generation = YES;
				INFOPLIST_KEY_UISupportedInterfaceOrientations_iPad = "UIInterfaceOrientationPortrait UIInterfaceOrientationPortraitUpsideDown UIInterfaceOrientationLandscapeLeft UIInterfaceOrientationLandscapeRight";
				INFOPLIST_KEY_UISupportedInterfaceOrientations_iPhone = "UIInterfaceOrientationPortrait UIInterfaceOrientationLandscapeLeft UIInterfaceOrientationLandscapeRight";
				LD_RUNPATH_SEARCH_PATHS = (
					"$(inherited)",
					"@executable_path/Frameworks",
				);
				MARKETING_VERSION = 1.0;
				PRODUCT_BUNDLE_IDENTIFIER = "chuday.Vk-Swift-UI";
				PRODUCT_NAME = "$(TARGET_NAME)";
				SWIFT_EMIT_LOC_STRINGS = YES;
				SWIFT_VERSION = 5.0;
				TARGETED_DEVICE_FAMILY = "1,2";
			};
			name = Debug;
		};
		7ECF6CF3275E7971009CB260 /* Release */ = {
			isa = XCBuildConfiguration;
			buildSettings = {
				ASSETCATALOG_COMPILER_APPICON_NAME = AppIcon;
				ASSETCATALOG_COMPILER_GLOBAL_ACCENT_COLOR_NAME = AccentColor;
				CODE_SIGN_STYLE = Automatic;
				CURRENT_PROJECT_VERSION = 1;
				DEVELOPMENT_ASSET_PATHS = "\"Vk_Swift_UI/Preview Content\"";
				ENABLE_PREVIEWS = YES;
				GENERATE_INFOPLIST_FILE = YES;
				INFOPLIST_KEY_UIApplicationSceneManifest_Generation = YES;
				INFOPLIST_KEY_UIApplicationSupportsIndirectInputEvents = YES;
				INFOPLIST_KEY_UILaunchScreen_Generation = YES;
				INFOPLIST_KEY_UISupportedInterfaceOrientations_iPad = "UIInterfaceOrientationPortrait UIInterfaceOrientationPortraitUpsideDown UIInterfaceOrientationLandscapeLeft UIInterfaceOrientationLandscapeRight";
				INFOPLIST_KEY_UISupportedInterfaceOrientations_iPhone = "UIInterfaceOrientationPortrait UIInterfaceOrientationLandscapeLeft UIInterfaceOrientationLandscapeRight";
				LD_RUNPATH_SEARCH_PATHS = (
					"$(inherited)",
					"@executable_path/Frameworks",
				);
				MARKETING_VERSION = 1.0;
				PRODUCT_BUNDLE_IDENTIFIER = "chuday.Vk-Swift-UI";
				PRODUCT_NAME = "$(TARGET_NAME)";
				SWIFT_EMIT_LOC_STRINGS = YES;
				SWIFT_VERSION = 5.0;
				TARGETED_DEVICE_FAMILY = "1,2";
			};
			name = Release;
		};
/* End XCBuildConfiguration section */

/* Begin XCConfigurationList section */
		7ECF6CDE275E796F009CB260 /* Build configuration list for PBXProject "Vk_Swift_UI" */ = {
			isa = XCConfigurationList;
			buildConfigurations = (
				7ECF6CEF275E7971009CB260 /* Debug */,
				7ECF6CF0275E7971009CB260 /* Release */,
			);
			defaultConfigurationIsVisible = 0;
			defaultConfigurationName = Release;
		};
		7ECF6CF1275E7971009CB260 /* Build configuration list for PBXNativeTarget "Vk_Swift_UI" */ = {
			isa = XCConfigurationList;
			buildConfigurations = (
				7ECF6CF2275E7971009CB260 /* Debug */,
				7ECF6CF3275E7971009CB260 /* Release */,
			);
			defaultConfigurationIsVisible = 0;
			defaultConfigurationName = Release;
		};
/* End XCConfigurationList section */

/* Begin XCRemoteSwiftPackageReference section */
		7E3E1EC0276504A8006DACCA /* XCRemoteSwiftPackageReference "ASCollectionView" */ = {
			isa = XCRemoteSwiftPackageReference;
			repositoryURL = "https://github.com/apptekstudios/ASCollectionView";
			requirement = {
				kind = upToNextMajorVersion;
				minimumVersion = 2.1.1;
			};
		};
/* End XCRemoteSwiftPackageReference section */

/* Begin XCSwiftPackageProductDependency section */
		7E3E1EC1276504A8006DACCA /* ASCollectionView */ = {
			isa = XCSwiftPackageProductDependency;
			package = 7E3E1EC0276504A8006DACCA /* XCRemoteSwiftPackageReference "ASCollectionView" */;
			productName = ASCollectionView;
		};
/* End XCSwiftPackageProductDependency section */
	};
	rootObject = 7ECF6CDB275E796F009CB260 /* Project object */;
}
